
Microsoft Visual Studio Solution File, Format Version 12.00
# Visual Studio 15
VisualStudioVersion = 15.0.26403.7
MinimumVisualStudioVersion = 10.0.40219.1
Project("{FAE04EC0-301F-11D3-BF4B-00C04F79EFBC}") = "PlanningPoker.Api", "PlanningPoker.Api\PlanningPoker.Api.csproj", "{A510FD99-1643-4990-8CC1-1DB890B58095}"
EndProject
Project("{2150E333-8FDC-42A3-9474-1A3956D46DE8}") = "Data", "Data", "{003D3E2E-3558-405E-9DBE-C2A05F02B1C5}"
EndProject
Project("{2150E333-8FDC-42A3-9474-1A3956D46DE8}") = "Domain", "Domain", "{32D21700-0EBB-4F7C-92C7-834F14F3EB96}"
EndProject
Project("{2150E333-8FDC-42A3-9474-1A3956D46DE8}") = "Infrastructure", "Infrastructure", "{0E33DB25-E207-4DBE-9587-7A55F2295244}"
EndProject
Project("{2150E333-8FDC-42A3-9474-1A3956D46DE8}") = "Tests", "Tests", "{44A903D6-7768-4827-9496-6426C0EC631D}"
EndProject
Project("{FAE04EC0-301F-11D3-BF4B-00C04F79EFBC}") = "PlanningPoker.Database", "PlanningPoker.Database\PlanningPoker.Database.csproj", "{E5B9A923-F39C-4C56-B09B-88E5743EDC37}"
EndProject
Project("{FAE04EC0-301F-11D3-BF4B-00C04F79EFBC}") = "PlanningPoker.DataAccess", "PlanningPoker.DataAccess\PlanningPoker.DataAccess.csproj", "{27E8A61B-6EBE-44E4-9F5D-4932B9D3E82D}"
EndProject
Project("{FAE04EC0-301F-11D3-BF4B-00C04F79EFBC}") = "PlanningPoker.Domain", "PlanningPoker.Domain\PlanningPoker.Domain.csproj", "{07232DB6-1238-4A03-BA31-9753F502BCFE}"
EndProject
Project("{FAE04EC0-301F-11D3-BF4B-00C04F79EFBC}") = "PlanningPoker.Repositories", "PlanningPoker.Repositories\PlanningPoker.Repositories.csproj", "{DC7631A3-F30F-4F42-B767-B0137C7D02E1}"
EndProject
Project("{FAE04EC0-301F-11D3-BF4B-00C04F79EFBC}") = "PlanningPoker.Services", "PlanningPoker.Services\PlanningPoker.Services.csproj", "{946EB796-5B61-4149-BAE8-AB64781B396F}"
EndProject
Project("{FAE04EC0-301F-11D3-BF4B-00C04F79EFBC}") = "PlanningPoker.IoC", "PlanningPoker.IoC\PlanningPoker.IoC.csproj", "{97CEBDB0-7994-47EF-8EBB-D6BD47D048AD}"
EndProject
Project("{FAE04EC0-301F-11D3-BF4B-00C04F79EFBC}") = "PlanningPoker.Security", "PlanningPoker.Security\PlanningPoker.Security.csproj", "{AA05B190-BE93-4A06-A811-C79933459037}"
EndProject
Project("{FAE04EC0-301F-11D3-BF4B-00C04F79EFBC}") = "PlanningPoker.Providers", "PlanningPoker.Providers\PlanningPoker.Providers.csproj", "{AEBA41CB-58DC-44A1-9399-B466D3DCA39B}"
EndProject
Project("{FAE04EC0-301F-11D3-BF4B-00C04F79EFBC}") = "PlanningPoker.UnitTests", "PlanningPoker.UnitTests\PlanningPoker.UnitTests.csproj", "{7FBB40ED-7100-48E0-AE9D-98E3B79FF3D6}"
EndProject
Project("{FAE04EC0-301F-11D3-BF4B-00C04F79EFBC}") = "PlanningPoker.Tests.Common", "PlanningPoker.Tests.Common\PlanningPoker.Tests.Common.csproj", "{59EB3B98-204D-4349-A34A-06919D4E84F9}"
EndProject
Project("{FAE04EC0-301F-11D3-BF4B-00C04F79EFBC}") = "PlanningPoker.TestData", "PlanningPoker.TestData\PlanningPoker.TestData.csproj", "{FB699C9B-635F-457D-9340-BBF22D13234D}"
EndProject
Project("{FAE04EC0-301F-11D3-BF4B-00C04F79EFBC}") = "PlanningPoker.UnitOfWork.Abstractions", "PlanningPoker.UnitOfWork.Abstractions\PlanningPoker.UnitOfWork.Abstractions.csproj", "{CBDDEA99-227F-4BF8-AA55-6680F1B4AE08}"
EndProject
Project("{2150E333-8FDC-42A3-9474-1A3956D46DE8}") = "UnitOfWork", "UnitOfWork", "{E67CD4B7-208E-4124-A0EE-F8F117E0C3F7}"
EndProject
Project("{FAE04EC0-301F-11D3-BF4B-00C04F79EFBC}") = "PlanningPoker.UnitOfWork", "PlanningPoker.UnitOfWork\PlanningPoker.UnitOfWork.csproj", "{98C3EDF2-5CCB-457B-A708-CA0FDE3EB13B}"
EndProject
Project("{FAE04EC0-301F-11D3-BF4B-00C04F79EFBC}") = "PlanningPoker.UnitOfWork.Mvc", "PlanningPoker.UnitOfWork.Mvc\PlanningPoker.UnitOfWork.Mvc.csproj", "{344AF7E4-E1B5-4D88-A001-67E368FD7048}"
EndProject
Global
	GlobalSection(SolutionConfigurationPlatforms) = preSolution
		Debug|Any CPU = Debug|Any CPU
		Release|Any CPU = Release|Any CPU
	EndGlobalSection
	GlobalSection(ProjectConfigurationPlatforms) = postSolution
		{A510FD99-1643-4990-8CC1-1DB890B58095}.Debug|Any CPU.ActiveCfg = Debug|Any CPU
		{A510FD99-1643-4990-8CC1-1DB890B58095}.Debug|Any CPU.Build.0 = Debug|Any CPU
		{A510FD99-1643-4990-8CC1-1DB890B58095}.Release|Any CPU.ActiveCfg = Release|Any CPU
		{A510FD99-1643-4990-8CC1-1DB890B58095}.Release|Any CPU.Build.0 = Release|Any CPU
		{E5B9A923-F39C-4C56-B09B-88E5743EDC37}.Debug|Any CPU.ActiveCfg = Debug|Any CPU
		{E5B9A923-F39C-4C56-B09B-88E5743EDC37}.Debug|Any CPU.Build.0 = Debug|Any CPU
		{E5B9A923-F39C-4C56-B09B-88E5743EDC37}.Release|Any CPU.ActiveCfg = Release|Any CPU
		{E5B9A923-F39C-4C56-B09B-88E5743EDC37}.Release|Any CPU.Build.0 = Release|Any CPU
		{27E8A61B-6EBE-44E4-9F5D-4932B9D3E82D}.Debug|Any CPU.ActiveCfg = Debug|Any CPU
		{27E8A61B-6EBE-44E4-9F5D-4932B9D3E82D}.Debug|Any CPU.Build.0 = Debug|Any CPU
		{27E8A61B-6EBE-44E4-9F5D-4932B9D3E82D}.Release|Any CPU.ActiveCfg = Release|Any CPU
		{27E8A61B-6EBE-44E4-9F5D-4932B9D3E82D}.Release|Any CPU.Build.0 = Release|Any CPU
		{07232DB6-1238-4A03-BA31-9753F502BCFE}.Debug|Any CPU.ActiveCfg = Debug|Any CPU
		{07232DB6-1238-4A03-BA31-9753F502BCFE}.Debug|Any CPU.Build.0 = Debug|Any CPU
		{07232DB6-1238-4A03-BA31-9753F502BCFE}.Release|Any CPU.ActiveCfg = Release|Any CPU
		{07232DB6-1238-4A03-BA31-9753F502BCFE}.Release|Any CPU.Build.0 = Release|Any CPU
		{DC7631A3-F30F-4F42-B767-B0137C7D02E1}.Debug|Any CPU.ActiveCfg = Debug|Any CPU
		{DC7631A3-F30F-4F42-B767-B0137C7D02E1}.Debug|Any CPU.Build.0 = Debug|Any CPU
		{DC7631A3-F30F-4F42-B767-B0137C7D02E1}.Release|Any CPU.ActiveCfg = Release|Any CPU
		{DC7631A3-F30F-4F42-B767-B0137C7D02E1}.Release|Any CPU.Build.0 = Release|Any CPU
		{946EB796-5B61-4149-BAE8-AB64781B396F}.Debug|Any CPU.ActiveCfg = Debug|Any CPU
		{946EB796-5B61-4149-BAE8-AB64781B396F}.Debug|Any CPU.Build.0 = Debug|Any CPU
		{946EB796-5B61-4149-BAE8-AB64781B396F}.Release|Any CPU.ActiveCfg = Release|Any CPU
		{946EB796-5B61-4149-BAE8-AB64781B396F}.Release|Any CPU.Build.0 = Release|Any CPU
		{97CEBDB0-7994-47EF-8EBB-D6BD47D048AD}.Debug|Any CPU.ActiveCfg = Debug|Any CPU
		{97CEBDB0-7994-47EF-8EBB-D6BD47D048AD}.Debug|Any CPU.Build.0 = Debug|Any CPU
		{97CEBDB0-7994-47EF-8EBB-D6BD47D048AD}.Release|Any CPU.ActiveCfg = Release|Any CPU
		{97CEBDB0-7994-47EF-8EBB-D6BD47D048AD}.Release|Any CPU.Build.0 = Release|Any CPU
		{AA05B190-BE93-4A06-A811-C79933459037}.Debug|Any CPU.ActiveCfg = Debug|Any CPU
		{AA05B190-BE93-4A06-A811-C79933459037}.Debug|Any CPU.Build.0 = Debug|Any CPU
		{AA05B190-BE93-4A06-A811-C79933459037}.Release|Any CPU.ActiveCfg = Release|Any CPU
		{AA05B190-BE93-4A06-A811-C79933459037}.Release|Any CPU.Build.0 = Release|Any CPU
		{AEBA41CB-58DC-44A1-9399-B466D3DCA39B}.Debug|Any CPU.ActiveCfg = Debug|Any CPU
		{AEBA41CB-58DC-44A1-9399-B466D3DCA39B}.Debug|Any CPU.Build.0 = Debug|Any CPU
		{AEBA41CB-58DC-44A1-9399-B466D3DCA39B}.Release|Any CPU.ActiveCfg = Release|Any CPU
		{AEBA41CB-58DC-44A1-9399-B466D3DCA39B}.Release|Any CPU.Build.0 = Release|Any CPU
		{7FBB40ED-7100-48E0-AE9D-98E3B79FF3D6}.Debug|Any CPU.ActiveCfg = Debug|Any CPU
		{7FBB40ED-7100-48E0-AE9D-98E3B79FF3D6}.Debug|Any CPU.Build.0 = Debug|Any CPU
		{7FBB40ED-7100-48E0-AE9D-98E3B79FF3D6}.Release|Any CPU.ActiveCfg = Release|Any CPU
		{7FBB40ED-7100-48E0-AE9D-98E3B79FF3D6}.Release|Any CPU.Build.0 = Release|Any CPU
		{59EB3B98-204D-4349-A34A-06919D4E84F9}.Debug|Any CPU.ActiveCfg = Debug|Any CPU
		{59EB3B98-204D-4349-A34A-06919D4E84F9}.Debug|Any CPU.Build.0 = Debug|Any CPU
		{59EB3B98-204D-4349-A34A-06919D4E84F9}.Release|Any CPU.ActiveCfg = Release|Any CPU
		{59EB3B98-204D-4349-A34A-06919D4E84F9}.Release|Any CPU.Build.0 = Release|Any CPU
		{FB699C9B-635F-457D-9340-BBF22D13234D}.Debug|Any CPU.ActiveCfg = Debug|Any CPU
		{FB699C9B-635F-457D-9340-BBF22D13234D}.Debug|Any CPU.Build.0 = Debug|Any CPU
		{FB699C9B-635F-457D-9340-BBF22D13234D}.Release|Any CPU.ActiveCfg = Release|Any CPU
		{FB699C9B-635F-457D-9340-BBF22D13234D}.Release|Any CPU.Build.0 = Release|Any CPU
		{CBDDEA99-227F-4BF8-AA55-6680F1B4AE08}.Debug|Any CPU.ActiveCfg = Debug|Any CPU
		{CBDDEA99-227F-4BF8-AA55-6680F1B4AE08}.Debug|Any CPU.Build.0 = Debug|Any CPU
		{CBDDEA99-227F-4BF8-AA55-6680F1B4AE08}.Release|Any CPU.ActiveCfg = Release|Any CPU
		{CBDDEA99-227F-4BF8-AA55-6680F1B4AE08}.Release|Any CPU.Build.0 = Release|Any CPU
		{98C3EDF2-5CCB-457B-A708-CA0FDE3EB13B}.Debug|Any CPU.ActiveCfg = Debug|Any CPU
		{98C3EDF2-5CCB-457B-A708-CA0FDE3EB13B}.Debug|Any CPU.Build.0 = Debug|Any CPU
		{98C3EDF2-5CCB-457B-A708-CA0FDE3EB13B}.Release|Any CPU.ActiveCfg = Release|Any CPU
		{98C3EDF2-5CCB-457B-A708-CA0FDE3EB13B}.Release|Any CPU.Build.0 = Release|Any CPU
		{344AF7E4-E1B5-4D88-A001-67E368FD7048}.Debug|Any CPU.ActiveCfg = Debug|Any CPU
		{344AF7E4-E1B5-4D88-A001-67E368FD7048}.Debug|Any CPU.Build.0 = Debug|Any CPU
		{344AF7E4-E1B5-4D88-A001-67E368FD7048}.Release|Any CPU.ActiveCfg = Release|Any CPU
		{344AF7E4-E1B5-4D88-A001-67E368FD7048}.Release|Any CPU.Build.0 = Release|Any CPU
	EndGlobalSection
	GlobalSection(SolutionProperties) = preSolution
		HideSolutionNode = FALSE
	EndGlobalSection
	GlobalSection(NestedProjects) = preSolution
		{E5B9A923-F39C-4C56-B09B-88E5743EDC37} = {003D3E2E-3558-405E-9DBE-C2A05F02B1C5}
		{27E8A61B-6EBE-44E4-9F5D-4932B9D3E82D} = {003D3E2E-3558-405E-9DBE-C2A05F02B1C5}
		{07232DB6-1238-4A03-BA31-9753F502BCFE} = {32D21700-0EBB-4F7C-92C7-834F14F3EB96}
		{DC7631A3-F30F-4F42-B767-B0137C7D02E1} = {32D21700-0EBB-4F7C-92C7-834F14F3EB96}
		{946EB796-5B61-4149-BAE8-AB64781B396F} = {32D21700-0EBB-4F7C-92C7-834F14F3EB96}
		{97CEBDB0-7994-47EF-8EBB-D6BD47D048AD} = {0E33DB25-E207-4DBE-9587-7A55F2295244}
		{AA05B190-BE93-4A06-A811-C79933459037} = {0E33DB25-E207-4DBE-9587-7A55F2295244}
		{AEBA41CB-58DC-44A1-9399-B466D3DCA39B} = {32D21700-0EBB-4F7C-92C7-834F14F3EB96}
		{7FBB40ED-7100-48E0-AE9D-98E3B79FF3D6} = {44A903D6-7768-4827-9496-6426C0EC631D}
		{59EB3B98-204D-4349-A34A-06919D4E84F9} = {44A903D6-7768-4827-9496-6426C0EC631D}
		{FB699C9B-635F-457D-9340-BBF22D13234D} = {003D3E2E-3558-405E-9DBE-C2A05F02B1C5}
		{CBDDEA99-227F-4BF8-AA55-6680F1B4AE08} = {E67CD4B7-208E-4124-A0EE-F8F117E0C3F7}
		{E67CD4B7-208E-4124-A0EE-F8F117E0C3F7} = {0E33DB25-E207-4DBE-9587-7A55F2295244}
		{98C3EDF2-5CCB-457B-A708-CA0FDE3EB13B} = {E67CD4B7-208E-4124-A0EE-F8F117E0C3F7}
		{344AF7E4-E1B5-4D88-A001-67E368FD7048} = {E67CD4B7-208E-4124-A0EE-F8F117E0C3F7}
	EndGlobalSection
EndGlobal
